
Microsoft Visual Studio Solution File, Format Version 11.00
# Visual Studio 2010
Project("{FAE04EC0-301F-11D3-BF4B-00C04F79EFBC}") = "Assembly-CSharp", "Assembly-CSharp.csproj", "{7b425e16-4541-ce69-0fff-93f3a7b8bcc9}"
EndProject
Project("{FAE04EC0-301F-11D3-BF4B-00C04F79EFBC}") = "Assembly-CSharp-firstpass", "Assembly-CSharp-firstpass.csproj", "{ecbfcb31-5b83-cf03-98d9-e1206afa095a}"
EndProject
Project("{FAE04EC0-301F-11D3-BF4B-00C04F79EFBC}") = "Assembly-CSharp-Editor-firstpass", "Assembly-CSharp-Editor-firstpass.csproj", "{bdf94293-e411-21c7-8da3-6ef7367bfc64}"
EndProject
Global
	GlobalSection(SolutionConfigurationPlatforms) = preSolution
		Debug|Any CPU = Debug|Any CPU
	EndGlobalSection
	GlobalSection(ProjectConfigurationPlatforms) = postSolution
		{7b425e16-4541-ce69-0fff-93f3a7b8bcc9}.Debug|Any CPU.ActiveCfg = Debug|Any CPU
		{7b425e16-4541-ce69-0fff-93f3a7b8bcc9}.Debug|Any CPU.Build.0 = Debug|Any CPU
		{ecbfcb31-5b83-cf03-98d9-e1206afa095a}.Debug|Any CPU.ActiveCfg = Debug|Any CPU
		{ecbfcb31-5b83-cf03-98d9-e1206afa095a}.Debug|Any CPU.Build.0 = Debug|Any CPU
		{bdf94293-e411-21c7-8da3-6ef7367bfc64}.Debug|Any CPU.ActiveCfg = Debug|Any CPU
		{bdf94293-e411-21c7-8da3-6ef7367bfc64}.Debug|Any CPU.Build.0 = Debug|Any CPU
	EndGlobalSection
	GlobalSection(SolutionProperties) = preSolution
		HideSolutionNode = FALSE
	EndGlobalSection
EndGlobal
